<?xml version="1.0" encoding="UTF-8" standalone="yes" ?>
<CodeBlocks_project_file>
	<FileVersion major="1" minor="6" />
	<Project>
		<Option title="Landships" />
		<Option pch_mode="2" />
		<Option compiler="gcc" />
		<Build>
			<Target title="Debug">
				<Option output="bin/Debug/Landships" prefix_auto="1" extension_auto="1" />
				<Option object_output="obj/Debug/" />
				<Option type="1" />
				<Option compiler="gcc" />
				<Compiler>
					<Add option="-g" />
					<Add option="-D_DEBUG_BUILD" />
				</Compiler>
			</Target>
			<Target title="Release">
				<Option output="bin/Release/Landships" prefix_auto="1" extension_auto="1" />
				<Option object_output="obj/Release/" />
				<Option type="0" />
				<Option compiler="gcc" />
				<Compiler>
					<Add option="-O2" />
				</Compiler>
				<Linker>
					<Add option="-s" />
					<Add option="-mwindows" />
				</Linker>
			</Target>
		</Build>
		<Compiler>
			<Add option="-std=c++11" />
			<Add option="-Wall" />
			<Add option="-D_USE_MATH_DEFINES" />
			<Add directory="D:/libraries/SDL/SDL2-2.0.4/i686-w64-mingw32/include" />
		</Compiler>
		<Linker>
			<Add option="-static -lmingw32 -lSDL2main -lSDL2 -lSDL2_mixer -lSDL2_image -lSDL2_ttf -lfreetype -lpng -lz -mwindows -lm -ldinput8 -ldxguid -ldxerr8 -luser32 -lgdi32 -lwinmm -limm32 -lole32 -loleaut32 -lshell32 -lversion -luuid" />
			<Add directory="D:/libraries/SDL/SDL2-2.0.4/i686-w64-mingw32/lib" />
		</Linker>
		<Unit filename="Bullet.cpp" />
		<Unit filename="Bullet.hpp" />
		<Unit filename="Collider.cpp" />
		<Unit filename="Collider.hpp" />
		<Unit filename="CollisionInfo.cpp" />
		<Unit filename="CollisionInfo.hpp" />
		<Unit filename="Container.cpp" />
		<Unit filename="Container.hpp" />
		<Unit filename="Defines.hpp" />
		<Unit filename="DestructibleBlock.cpp" />
		<Unit filename="DestructibleBlock.hpp" />
		<Unit filename="Explosion.cpp" />
		<Unit filename="Explosion.hpp" />
		<Unit filename="Game.cpp" />
		<Unit filename="Game.hpp" />
		<Unit filename="GameObject.cpp" />
		<Unit filename="GameObject.hpp" />
		<Unit filename="GameState.cpp" />
		<Unit filename="GameState.hpp" />
		<Unit filename="InputManager.cpp" />
		<Unit filename="InputManager.hpp" />
		<Unit filename="Map.cpp" />
		<Unit filename="Map.hpp" />
		<Unit filename="Menu.cpp" />
		<Unit filename="Menu.hpp" />
		<Unit filename="Options.cpp" />
		<Unit filename="Options.hpp" />
		<Unit filename="Player.cpp" />
		<Unit filename="Player.hpp" />
		<Unit filename="PlayerInput.cpp" />
		<Unit filename="PlayerInput.hpp" />
		<Unit filename="Point.cpp" />
		<Unit filename="Point.hpp" />
		<Unit filename="Powerup.cpp" />
		<Unit filename="Powerup.hpp" />
		<Unit filename="Rectangle.cpp" />
		<Unit filename="Rectangle.hpp" />
		<Unit filename="RenderableObject.cpp" />
		<Unit filename="RenderableObject.hpp" />
		<Unit filename="Tile.cpp" />
		<Unit filename="Tile.hpp" />
		<Unit filename="Utility.cpp" />
		<Unit filename="Utility.hpp" />
		<Unit filename="Vector2D.cpp" />
		<Unit filename="Vector2D.hpp" />
		<Unit filename="main.cpp" />
		<Extensions>
			<code_completion />
			<envvars />
			<debugger />
		</Extensions>
	</Project>
</CodeBlocks_project_file>
