<?xml version="1.0" encoding="UTF-8" standalone="yes" ?>
<CodeBlocks_project_file>
	<FileVersion major="1" minor="6" />
	<Project>
		<Option title="LandshipsEditor" />
		<Option pch_mode="2" />
		<Option compiler="gcc" />
		<Build>
			<Target title="Debug">
				<Option output="bin/Debug/LandshipsEditor" prefix_auto="1" extension_auto="1" />
				<Option object_output="obj/Debug/" />
				<Option type="1" />
				<Option compiler="gcc" />
				<Compiler>
					<Add option="-g" />
				</Compiler>
			</Target>
			<Target title="Release">
				<Option output="bin/Release/LandshipsEditor" prefix_auto="1" extension_auto="1" />
				<Option object_output="obj/Release/" />
				<Option type="0" />
				<Option compiler="gcc" />
				<Compiler>
					<Add option="-O2" />
				</Compiler>
				<Linker>
					<Add option="-s" />
					<Add option="-mwindows" />
				</Linker>
			</Target>
		</Build>
		<Compiler>
			<Add option="-std=c++11" />
			<Add option="-Wall" />
			<Add option="-fexceptions" />
			<Add option="-D_USE_MATH_DEFINES" />
			<Add directory="../../../../../../libraries/SDL/SDL2-2.0.3/i686-w64-mingw32/include" />
		</Compiler>
		<Linker>
			<Add option="-static -lmingw32 -lSDL2main -lSDL2 -lSDL2_mixer -lSDL2_image -lSDL2_ttf -lfreetype -lpng -lz -mwindows -lm -ldinput8 -ldxguid -ldxerr8 -luser32 -lgdi32 -lwinmm -limm32 -lole32 -loleaut32 -lshell32 -lversion -luuid" />
			<Add directory="../../../../../../libraries/SDL/SDL2-2.0.3/i686-w64-mingw32/lib" />
		</Linker>
		<Unit filename="Point.cpp" />
		<Unit filename="Point.hpp" />
		<Unit filename="Rectangle.cpp" />
		<Unit filename="Rectangle.hpp" />
		<Unit filename="Utility.cpp" />
		<Unit filename="Utility.hpp" />
		<Unit filename="Vector2D.cpp" />
		<Unit filename="Vector2D.hpp" />
		<Unit filename="editor.cpp" />
		<Extensions>
			<code_completion />
			<envvars />
			<debugger />
			<lib_finder disable_auto="1" />
		</Extensions>
	</Project>
</CodeBlocks_project_file>
